
Microsoft Visual Studio Solution File, Format Version 12.00
# Visual Studio Version 17
VisualStudioVersion = 17.1.32414.318
MinimumVisualStudioVersion = 10.0.40219.1
Project("{FAE04EC0-301F-11D3-BF4B-00C04F79EFBC}") = "ContactsOrganizer.Android", "ContactsOrganizer\ContactsOrganizer.Android\ContactsOrganizer.Android.csproj", "{3DC0E7C9-D44B-4D2E-8527-74F9CB2D7302}"
EndProject
Project("{FAE04EC0-301F-11D3-BF4B-00C04F79EFBC}") = "ContactsOrganizer", "ContactsOrganizer\ContactsOrganizer\ContactsOrganizer.csproj", "{5CBD5113-FBE6-4756-B6E1-61F62D12DD54}"
EndProject
Global
	GlobalSection(SolutionConfigurationPlatforms) = preSolution
		Debug|Any CPU = Debug|Any CPU
		Release|Any CPU = Release|Any CPU
	EndGlobalSection
	GlobalSection(ProjectConfigurationPlatforms) = postSolution
		{3DC0E7C9-D44B-4D2E-8527-74F9CB2D7302}.Debug|Any CPU.ActiveCfg = Debug|Any CPU
		{3DC0E7C9-D44B-4D2E-8527-74F9CB2D7302}.Debug|Any CPU.Build.0 = Debug|Any CPU
		{3DC0E7C9-D44B-4D2E-8527-74F9CB2D7302}.Debug|Any CPU.Deploy.0 = Debug|Any CPU
		{3DC0E7C9-D44B-4D2E-8527-74F9CB2D7302}.Release|Any CPU.ActiveCfg = Release|Any CPU
		{3DC0E7C9-D44B-4D2E-8527-74F9CB2D7302}.Release|Any CPU.Build.0 = Release|Any CPU
		{3DC0E7C9-D44B-4D2E-8527-74F9CB2D7302}.Release|Any CPU.Deploy.0 = Release|Any CPU
		{5CBD5113-FBE6-4756-B6E1-61F62D12DD54}.Debug|Any CPU.ActiveCfg = Debug|Any CPU
		{5CBD5113-FBE6-4756-B6E1-61F62D12DD54}.Debug|Any CPU.Build.0 = Debug|Any CPU
		{5CBD5113-FBE6-4756-B6E1-61F62D12DD54}.Debug|Any CPU.Deploy.0 = Debug|Any CPU
		{5CBD5113-FBE6-4756-B6E1-61F62D12DD54}.Release|Any CPU.ActiveCfg = Release|Any CPU
		{5CBD5113-FBE6-4756-B6E1-61F62D12DD54}.Release|Any CPU.Build.0 = Release|Any CPU
		{5CBD5113-FBE6-4756-B6E1-61F62D12DD54}.Release|Any CPU.Deploy.0 = Release|Any CPU
	EndGlobalSection
	GlobalSection(SolutionProperties) = preSolution
		HideSolutionNode = FALSE
	EndGlobalSection
	GlobalSection(ExtensibilityGlobals) = postSolution
		SolutionGuid = {09C348EC-7E5C-4B97-B096-715239E8F5DD}
	EndGlobalSection
EndGlobal
